{
    "_readme": [
        "This file locks the dependencies of your project to a known state",
        "Read more about it at https://getcomposer.org/doc/01-basic-usage.md#composer-lock-the-lock-file",
        "This file is @generated automatically"
    ],
    "content-hash": "aac0bc14dfc4637f04514c0bb3ff4c4a",
    "packages": [
        {
            "name": "shandian818/tools",
            "version": "1.0",
            "source": {
                "type": "git",
                "url": "https://github.com/shandian818/tools.git",
                "reference": "b13adb75695930d2c285140acb75c17a18fb32f9"
            },
            "dist": {
                "type": "zip",
                "url": "https://api.github.com/repos/shandian818/tools/zipball/b13adb75695930d2c285140acb75c17a18fb32f9",
                "reference": "b13adb75695930d2c285140acb75c17a18fb32f9",
                "shasum": ""
            },
            "require": {
                "php": ">= 5.3.0"
            },
            "type": "library",
            "autoload": {
                "psr-4": {
                    "tools\\": "src"
                }
            },
            "notification-url": "https://packagist.org/downloads/",
            "license": [
                "MIT"
            ],
            "authors": [
                {
                    "name": "jiangxijun",
                    "email": "jiang818@qq.com"
                }
            ],
            "description": "likephp framework - tools",
            "homepage": "http://likephp.com/",
            "keywords": [
                "dump",
                "jiangxijun",
                "likephp",
                "shandian818",
                "tools",
                "闪电"
            ],
            "time": "2017-05-08T13:33:56+00:00"
        }
    ],
    "packages-dev": [],
    "aliases": [],
    "minimum-stability": "stable",
    "stability-flags": [],
    "prefer-stable": false,
    "prefer-lowest": false,
    "platform": {
        "php": ">= 5.3.0"
    },
    "platform-dev": []
}
