{
    "_readme": [
        "This file locks the dependencies of your project to a known state",
        "Read more about it at https://getcomposer.org/doc/01-basic-usage.md#composer-lock-the-lock-file",
        "This file is @generated automatically"
    ],
    "hash": "2a728bc8b4b944cee19526942b848345",
    "content-hash": "4e4e4baf5caa7d8def328ee788af0215",
    "packages": [
        {
            "name": "shandian818/tools",
            "version": "1.6",
            "source": {
                "type": "git",
                "url": "https://github.com/shandian818/tools.git",
                "reference": "3b69ee6d4edd954a222b53d6292788720d0e2eee"
            },
            "dist": {
                "type": "zip",
                "url": "https://api.github.com/repos/shandian818/tools/zipball/3b69ee6d4edd954a222b53d6292788720d0e2eee",
                "reference": "3b69ee6d4edd954a222b53d6292788720d0e2eee",
                "shasum": ""
            },
            "require": {
                "php": ">= 5.3.0"
            },
            "type": "library",
            "autoload": {
                "psr-4": {
                    "tools\\": "src"
                }
            },
            "notification-url": "https://packagist.org/downloads/",
            "license": [
                "MIT"
            ],
            "authors": [
                {
                    "name": "jiangxijun",
                    "email": "jiang818@qq.com"
                }
            ],
            "description": "likephp framework - tools",
            "homepage": "http://likephp.com/",
            "keywords": [
                "dump",
                "jiangxijun",
                "likephp",
                "shandian818",
                "tools",
                "闪电"
            ],
            "time": "2017-09-15 03:35:38"
        }
    ],
    "packages-dev": [],
    "aliases": [],
    "minimum-stability": "stable",
    "stability-flags": [],
    "prefer-stable": false,
    "prefer-lowest": false,
    "platform": {
        "php": ">= 5.3.0"
    },
    "platform-dev": []
}
